// !$*UTF8*$!
{
	archiveVersion = 1;
	classes = {
	};
	objectVersion = 50;
	objects = {

/* Begin PBXBuildFile section */
		94CFDD2E21403AB600894446 /* AppDelegate.swift in Sources */ = {isa = PBXBuildFile; fileRef = 94CFDD2D21403AB600894446 /* AppDelegate.swift */; };
		94CFDD3021403AB600894446 /* ViewController.swift in Sources */ = {isa = PBXBuildFile; fileRef = 94CFDD2F21403AB600894446 /* ViewController.swift */; };
		94CFDD3321403AB600894446 /* Main.storyboard in Resources */ = {isa = PBXBuildFile; fileRef = 94CFDD3121403AB600894446 /* Main.storyboard */; };
		94CFDD3521403AB900894446 /* Assets.xcassets in Resources */ = {isa = PBXBuildFile; fileRef = 94CFDD3421403AB900894446 /* Assets.xcassets */; };
		94CFDD3821403AB900894446 /* LaunchScreen.storyboard in Resources */ = {isa = PBXBuildFile; fileRef = 94CFDD3621403AB900894446 /* LaunchScreen.storyboard */; };
		94CFDD402140435200894446 /* Inceptionv3.mlmodel in Sources */ = {isa = PBXBuildFile; fileRef = 94CFDD3F2140435200894446 /* Inceptionv3.mlmodel */; };
/* End PBXBuildFile section */

/* Begin PBXFileReference section */
		94CFDD2A21403AB600894446 /* ImagePredict.app */ = {isa = PBXFileReference; explicitFileType = wrapper.application; includeInIndex = 0; path = ImagePredict.app; sourceTree = BUILT_PRODUCTS_DIR; };
		94CFDD2D21403AB600894446 /* AppDelegate.swift */ = {isa = PBXFileReference; lastKnownFileType = sourcecode.swift; path = AppDelegate.swift; sourceTree = "<group>"; };
		94CFDD2F21403AB600894446 /* ViewController.swift */ = {isa = PBXFileReference; lastKnownFileType = sourcecode.swift; path = ViewController.swift; sourceTree = "<group>"; };
		94CFDD3221403AB600894446 /* Base */ = {isa = PBXFileReference; lastKnownFileType = file.storyboard; name = Base; path = Base.lproj/Main.storyboard; sourceTree = "<group>"; };
		94CFDD3421403AB900894446 /* Assets.xcassets */ = {isa = PBXFileReference; lastKnownFileType = folder.assetcatalog; path = Assets.xcassets; sourceTree = "<group>"; };
		94CFDD3721403AB900894446 /* Base */ = {isa = PBXFileReference; lastKnownFileType = file.storyboard; name = Base; path = Base.lproj/LaunchScreen.storyboard; sourceTree = "<group>"; };
		94CFDD3921403AB900894446 /* Info.plist */ = {isa = PBXFileReference; lastKnownFileType = text.plist.xml; path = Info.plist; sourceTree = "<group>"; };
		94CFDD3F2140435200894446 /* Inceptionv3.mlmodel */ = {isa = PBXFileReference; lastKnownFileType = file.mlmodel; path = Inceptionv3.mlmodel; sourceTree = "<group>"; };
/* End PBXFileReference section */

/* Begin PBXFrameworksBuildPhase section */
		94CFDD2721403AB600894446 /* Frameworks */ = {
			isa = PBXFrameworksBuildPhase;
			buildActionMask = 2147483647;
			files = (
			);
			runOnlyForDeploymentPostprocessing = 0;
		};
/* End PBXFrameworksBuildPhase section */

/* Begin PBXGroup section */
		94CFDD2121403AB600894446 = {
			isa = PBXGroup;
			children = (
				94CFDD3F2140435200894446 /* Inceptionv3.mlmodel */,
				94CFDD2C21403AB600894446 /* ImagePredict */,
				94CFDD2B21403AB600894446 /* Products */,
			);
			sourceTree = "<group>";
		};
		94CFDD2B21403AB600894446 /* Products */ = {
			isa = PBXGroup;
			children = (
				94CFDD2A21403AB600894446 /* ImagePredict.app */,
			);
			name = Products;
			sourceTree = "<group>";
		};
		94CFDD2C21403AB600894446 /* ImagePredict */ = {
			isa = PBXGroup;
			children = (
				94CFDD2D21403AB600894446 /* AppDelegate.swift */,
				94CFDD2F21403AB600894446 /* ViewController.swift */,
				94CFDD3121403AB600894446 /* Main.storyboard */,
				94CFDD3421403AB900894446 /* Assets.xcassets */,
				94CFDD3621403AB900894446 /* LaunchScreen.storyboard */,
				94CFDD3921403AB900894446 /* Info.plist */,
			);
			path = ImagePredict;
			sourceTree = "<group>";
		};
/* End PBXGroup section */

/* Begin PBXNativeTarget section */
		94CFDD2921403AB600894446 /* ImagePredict */ = {
			isa = PBXNativeTarget;
			buildConfigurationList = 94CFDD3C21403AB900894446 /* Build configuration list for PBXNativeTarget "ImagePredict" */;
			buildPhases = (
				94CFDD2621403AB600894446 /* Sources */,
				94CFDD2721403AB600894446 /* Frameworks */,
				94CFDD2821403AB600894446 /* Resources */,
			);
			buildRules = (
			);
			dependencies = (
			);
			name = ImagePredict;
			productName = ImagePredition;
			productReference = 94CFDD2A21403AB600894446 /* ImagePredict.app */;
			productType = "com.apple.product-type.application";
		};
/* End PBXNativeTarget section */

/* Begin PBXProject section */
		94CFDD2221403AB600894446 /* Project object */ = {
			isa = PBXProject;
			attributes = {
				LastSwiftUpdateCheck = 1000;
				LastUpgradeCheck = 1000;
				ORGANIZATIONNAME = "Andre Racco";
				TargetAttributes = {
					94CFDD2921403AB600894446 = {
						CreatedOnToolsVersion = 10.0;
					};
				};
			};
			buildConfigurationList = 94CFDD2521403AB600894446 /* Build configuration list for PBXProject "ImagePredict" */;
			compatibilityVersion = "Xcode 9.3";
			developmentRegion = en;
			hasScannedForEncodings = 0;
			knownRegions = (
				en,
				Base,
			);
			mainGroup = 94CFDD2121403AB600894446;
			productRefGroup = 94CFDD2B21403AB600894446 /* Products */;
			projectDirPath = "";
			projectRoot = "";
			targets = (
				94CFDD2921403AB600894446 /* ImagePredict */,
			);
		};
/* End PBXProject section */

/* Begin PBXResourcesBuildPhase section */
		94CFDD2821403AB600894446 /* Resources */ = {
			isa = PBXResourcesBuildPhase;
			buildActionMask = 2147483647;
			files = (
				94CFDD3821403AB900894446 /* LaunchScreen.storyboard in Resources */,
				94CFDD3521403AB900894446 /* Assets.xcassets in Resources */,
				94CFDD3321403AB600894446 /* Main.storyboard in Resources */,
			);
			runOnlyForDeploymentPostprocessing = 0;
		};
/* End PBXResourcesBuildPhase section */

/* Begin PBXSourcesBuildPhase section */
		94CFDD2621403AB600894446 /* Sources */ = {
			isa = PBXSourcesBuildPhase;
			buildActionMask = 2147483647;
			files = (
				94CFDD3021403AB600894446 /* ViewController.swift in Sources */,
				94CFDD402140435200894446 /* Inceptionv3.mlmodel in Sources */,
				94CFDD2E21403AB600894446 /* AppDelegate.swift in Sources */,
			);
			runOnlyForDeploymentPostprocessing = 0;
		};
/* End PBXSourcesBuildPhase section */

/* Begin PBXVariantGroup section */
		94CFDD3121403AB600894446 /* Main.storyboard */ = {
			isa = PBXVariantGroup;
			children = (
				94CFDD3221403AB600894446 /* Base */,
			);
			name = Main.storyboard;
			sourceTree = "<group>";
		};
		94CFDD3621403AB900894446 /* LaunchScreen.storyboard */ = {
			isa = PBXVariantGroup;
			children = (
				94CFDD3721403AB900894446 /* Base */,
			);
			name = LaunchScreen.storyboard;
			sourceTree = "<group>";
		};
/* End PBXVariantGroup section */

/* Begin XCBuildConfiguration section */
		94CFDD3A21403AB900894446 /* Debug */ = {
			isa = XCBuildConfiguration;
			buildSettings = {
				ALWAYS_SEARCH_USER_PATHS = NO;
				CLANG_ANALYZER_NONNULL = YES;
				CLANG_ANALYZER_NUMBER_OBJECT_CONVERSION = YES_AGGRESSIVE;
				CLANG_CXX_LANGUAGE_STANDARD = "gnu++14";
				CLANG_CXX_LIBRARY = "libc++";
				CLANG_ENABLE_MODULES = YES;
				CLANG_ENABLE_OBJC_ARC = YES;
				CLANG_ENABLE_OBJC_WEAK = YES;
				CLANG_WARN_BLOCK_CAPTURE_AUTORELEASING = YES;
				CLANG_WARN_BOOL_CONVERSION = YES;
				CLANG_WARN_COMMA = YES;
				CLANG_WARN_CONSTANT_CONVERSION = YES;
				CLANG_WARN_DEPRECATED_OBJC_IMPLEMENTATIONS = YES;
				CLANG_WARN_DIRECT_OBJC_ISA_USAGE = YES_ERROR;
				CLANG_WARN_DOCUMENTATION_COMMENTS = YES;
				CLANG_WARN_EMPTY_BODY = YES;
				CLANG_WARN_ENUM_CONVERSION = YES;
				CLANG_WARN_INFINITE_RECURSION = YES;
				CLANG_WARN_INT_CONVERSION = YES;
				CLANG_WARN_NON_LITERAL_NULL_CONVERSION = YES;
				CLANG_WARN_OBJC_IMPLICIT_RETAIN_SELF = YES;
				CLANG_WARN_OBJC_LITERAL_CONVERSION = YES;
				CLANG_WARN_OBJC_ROOT_CLASS = YES_ERROR;
				CLANG_WARN_RANGE_LOOP_ANALYSIS = YES;
				CLANG_WARN_STRICT_PROTOTYPES = YES;
				CLANG_WARN_SUSPICIOUS_MOVE = YES;
				CLANG_WARN_UNGUARDED_AVAILABILITY = YES_AGGRESSIVE;
				CLANG_WARN_UNREACHABLE_CODE = YES;
				CLANG_WARN__DUPLICATE_METHOD_MATCH = YES;
				CODE_SIGN_IDENTITY = "iPhone Developer";
				COPY_PHASE_STRIP = NO;
				DEBUG_INFORMATION_FORMAT = dwarf;
				ENABLE_STRICT_OBJC_MSGSEND = YES;
				ENABLE_TESTABILITY = YES;
				GCC_C_LANGUAGE_STANDARD = gnu11;
				GCC_DYNAMIC_NO_PIC = NO;
				GCC_NO_COMMON_BLOCKS = YES;
				GCC_OPTIMIZATION_LEVEL = 0;
				GCC_PREPROCESSOR_DEFINITIONS = (
					"DEBUG=1",
					"$(inherited)",
				);
				GCC_WARN_64_TO_32_BIT_CONVERSION = YES;
				GCC_WARN_ABOUT_RETURN_TYPE = YES_ERROR;
				GCC_WARN_UNDECLARED_SELECTOR = YES;
				GCC_WARN_UNINITIALIZED_AUTOS = YES_AGGRESSIVE;
				GCC_WARN_UNUSED_FUNCTION = YES;
				GCC_WARN_UNUSED_VARIABLE = YES;
				IPHONEOS_DEPLOYMENT_TARGET = 12.0;
				MTL_ENABLE_DEBUG_INFO = INCLUDE_SOURCE;
				MTL_FAST_MATH = YES;
				ONLY_ACTIVE_ARCH = YES;
				SDKROOT = iphoneos;
				SWIFT_ACTIVE_COMPILATION_CONDITIONS = DEBUG;
				SWIFT_OPTIMIZATION_LEVEL = "-Onone";
			};
			name = Debug;
		};
		94CFDD3B21403AB900894446 /* Release */ = {
			isa = XCBuildConfiguration;
			buildSettings = {
				ALWAYS_SEARCH_USER_PATHS = NO;
				CLANG_ANALYZER_NONNULL = YES;
				CLANG_ANALYZER_NUMBER_OBJECT_CONVERSION = YES_AGGRESSIVE;
				CLANG_CXX_LANGUAGE_STANDARD = "gnu++14";
				CLANG_CXX_LIBRARY = "libc++";
				CLANG_ENABLE_MODULES = YES;
				CLANG_ENABLE_OBJC_ARC = YES;
				CLANG_ENABLE_OBJC_WEAK = YES;
				CLANG_WARN_BLOCK_CAPTURE_AUTORELEASING = YES;
				CLANG_WARN_BOOL_CONVERSION = YES;
				CLANG_WARN_COMMA = YES;
				CLANG_WARN_CONSTANT_CONVERSION = YES;
				CLANG_WARN_DEPRECATED_OBJC_IMPLEMENTATIONS = YES;
				CLANG_WARN_DIRECT_OBJC_ISA_USAGE = YES_ERROR;
				CLANG_WARN_DOCUMENTATION_COMMENTS = YES;
				CLANG_WARN_EMPTY_BODY = YES;
				CLANG_WARN_ENUM_CONVERSION = YES;
				CLANG_WARN_INFINITE_RECURSION = YES;
				CLANG_WARN_INT_CONVERSION = YES;
				CLANG_WARN_NON_LITERAL_NULL_CONVERSION = YES;
				CLANG_WARN_OBJC_IMPLICIT_RETAIN_SELF = YES;
				CLANG_WARN_OBJC_LITERAL_CONVERSION = YES;
				CLANG_WARN_OBJC_ROOT_CLASS = YES_ERROR;
				CLANG_WARN_RANGE_LOOP_ANALYSIS = YES;
				CLANG_WARN_STRICT_PROTOTYPES = YES;
				CLANG_WARN_SUSPICIOUS_MOVE = YES;
				CLANG_WARN_UNGUARDED_AVAILABILITY = YES_AGGRESSIVE;
				CLANG_WARN_UNREACHABLE_CODE = YES;
				CLANG_WARN__DUPLICATE_METHOD_MATCH = YES;
				CODE_SIGN_IDENTITY = "iPhone Developer";
				COPY_PHASE_STRIP = NO;
				DEBUG_INFORMATION_FORMAT = "dwarf-with-dsym";
				ENABLE_NS_ASSERTIONS = NO;
				ENABLE_STRICT_OBJC_MSGSEND = YES;
				GCC_C_LANGUAGE_STANDARD = gnu11;
				GCC_NO_COMMON_BLOCKS = YES;
				GCC_WARN_64_TO_32_BIT_CONVERSION = YES;
				GCC_WARN_ABOUT_RETURN_TYPE = YES_ERROR;
				GCC_WARN_UNDECLARED_SELECTOR = YES;
				GCC_WARN_UNINITIALIZED_AUTOS = YES_AGGRESSIVE;
				GCC_WARN_UNUSED_FUNCTION = YES;
				GCC_WARN_UNUSED_VARIABLE = YES;
				IPHONEOS_DEPLOYMENT_TARGET = 12.0;
				MTL_ENABLE_DEBUG_INFO = NO;
				MTL_FAST_MATH = YES;
				SDKROOT = iphoneos;
				SWIFT_COMPILATION_MODE = wholemodule;
				SWIFT_OPTIMIZATION_LEVEL = "-O";
				VALIDATE_PRODUCT = YES;
			};
			name = Release;
		};
		94CFDD3D21403AB900894446 /* Debug */ = {
			isa = XCBuildConfiguration;
			buildSettings = {
				ASSETCATALOG_COMPILER_APPICON_NAME = AppIcon;
				CODE_SIGN_STYLE = Automatic;
				DEVELOPMENT_TEAM = NZM64RYQ6V;
				INFOPLIST_FILE = "$(SRCROOT)/ImagePredict/Info.plist";
				LD_RUNPATH_SEARCH_PATHS = (
					"$(inherited)",
					"@executable_path/Frameworks",
				);
				PRODUCT_BUNDLE_IDENTIFIER = com.racconic.ImagePredition;
				PRODUCT_NAME = "$(TARGET_NAME)";
				SWIFT_VERSION = 4.2;
				TARGETED_DEVICE_FAMILY = "1,2";
			};
			name = Debug;
		};
		94CFDD3E21403AB900894446 /* Release */ = {
			isa = XCBuildConfiguration;
			buildSettings = {
				ASSETCATALOG_COMPILER_APPICON_NAME = AppIcon;
				CODE_SIGN_STYLE = Automatic;
				DEVELOPMENT_TEAM = NZM64RYQ6V;
				INFOPLIST_FILE = "$(SRCROOT)/ImagePredict/Info.plist";
				LD_RUNPATH_SEARCH_PATHS = (
					"$(inherited)",
					"@executable_path/Frameworks",
				);
				PRODUCT_BUNDLE_IDENTIFIER = com.racconic.ImagePredition;
				PRODUCT_NAME = "$(TARGET_NAME)";
				SWIFT_VERSION = 4.2;
				TARGETED_DEVICE_FAMILY = "1,2";
			};
			name = Release;
		};
/* End XCBuildConfiguration section */

/* Begin XCConfigurationList section */
		94CFDD2521403AB600894446 /* Build configuration list for PBXProject "ImagePredict" */ = {
			isa = XCConfigurationList;
			buildConfigurations = (
				94CFDD3A21403AB900894446 /* Debug */,
				94CFDD3B21403AB900894446 /* Release */,
			);
			defaultConfigurationIsVisible = 0;
			defaultConfigurationName = Release;
		};
		94CFDD3C21403AB900894446 /* Build configuration list for PBXNativeTarget "ImagePredict" */ = {
			isa = XCConfigurationList;
			buildConfigurations = (
				94CFDD3D21403AB900894446 /* Debug */,
				94CFDD3E21403AB900894446 /* Release */,
			);
			defaultConfigurationIsVisible = 0;
			defaultConfigurationName = Release;
		};
/* End XCConfigurationList section */
	};
	rootObject = 94CFDD2221403AB600894446 /* Project object */;
}
